Microsoft Visual Studio Solution File, Format Version 12.00
# Visual Studio Version 17
VisualStudioVersion = 17.5.2.0
MinimumVisualStudioVersion = 10.0.40219.1
Project("{FAE04EC0-301F-11D3-BF4B-00C04F79EFBC}") = "TritonsHydrants", "TritonsHydrants.csproj", "{FDABAC25-52D2-28DF-13E1-F7B22BB12D27}"
EndProject
Global
	GlobalSection(SolutionConfigurationPlatforms) = preSolution
		Debug|Any CPU = Debug|Any CPU
		Release|Any CPU = Release|Any CPU
	EndGlobalSection
	GlobalSection(ProjectConfigurationPlatforms) = postSolution
		{FDABAC25-52D2-28DF-13E1-F7B22BB12D27}.Debug|Any CPU.ActiveCfg = Debug|Any CPU
		{FDABAC25-52D2-28DF-13E1-F7B22BB12D27}.Debug|Any CPU.Build.0 = Debug|Any CPU
		{FDABAC25-52D2-28DF-13E1-F7B22BB12D27}.Release|Any CPU.ActiveCfg = Release|Any CPU
		{FDABAC25-52D2-28DF-13E1-F7B22BB12D27}.Release|Any CPU.Build.0 = Release|Any CPU
	EndGlobalSection
	GlobalSection(SolutionProperties) = preSolution
		HideSolutionNode = FALSE
	EndGlobalSection
	GlobalSection(ExtensibilityGlobals) = postSolution
		SolutionGuid = {D19715B5-0518-436C-87A5-AC5D4435EC32}
	EndGlobalSection
EndGlobal
